// !$*UTF8*$!
{
	archiveVersion = 1;
	classes = {
	};
	objectVersion = 50;
	objects = {

/* Begin PBXBuildFile section */
		0C2FED6822819C67007116D4 /* Scanf.c in Sources */ = {isa = PBXBuildFile; fileRef = 0C2FED6722819C67007116D4 /* Scanf.c */; };
		0C2FED762281A11E007116D4 /* main.c in Sources */ = {isa = PBXBuildFile; fileRef = 0C2FED752281A11E007116D4 /* main.c */; };
		0C2FED812281A2E0007116D4 /* SequenceList_main.c in Sources */ = {isa = PBXBuildFile; fileRef = 0C2FED802281A2E0007116D4 /* SequenceList_main.c */; };
		0C2FED872281AEAE007116D4 /* SequenceList.c in Sources */ = {isa = PBXBuildFile; fileRef = 0C2FED862281AEAE007116D4 /* SequenceList.c */; };
		0CF090E522E492C000F28891 /* Union_main.c in Sources */ = {isa = PBXBuildFile; fileRef = 0CF090E422E492C000F28891 /* Union_main.c */; };
		0CF090EB22E493AF00F28891 /* Union.c in Sources */ = {isa = PBXBuildFile; fileRef = 0CF090EA22E493AF00F28891 /* Union.c */; };
/* End PBXBuildFile section */

/* Begin PBXCopyFilesBuildPhase section */
		0C2FED6222819C67007116D4 /* CopyFiles */ = {
			isa = PBXCopyFilesBuildPhase;
			buildActionMask = 2147483647;
			dstPath = /usr/share/man/man1/;
			dstSubfolderSpec = 0;
			files = (
			);
			runOnlyForDeploymentPostprocessing = 1;
		};
		0C2FED712281A11E007116D4 /* CopyFiles */ = {
			isa = PBXCopyFilesBuildPhase;
			buildActionMask = 2147483647;
			dstPath = /usr/share/man/man1/;
			dstSubfolderSpec = 0;
			files = (
			);
			runOnlyForDeploymentPostprocessing = 1;
		};
		0C2FED7C2281A2E0007116D4 /* CopyFiles */ = {
			isa = PBXCopyFilesBuildPhase;
			buildActionMask = 2147483647;
			dstPath = /usr/share/man/man1/;
			dstSubfolderSpec = 0;
			files = (
			);
			runOnlyForDeploymentPostprocessing = 1;
		};
		0CF090E022E492C000F28891 /* CopyFiles */ = {
			isa = PBXCopyFilesBuildPhase;
			buildActionMask = 2147483647;
			dstPath = /usr/share/man/man1/;
			dstSubfolderSpec = 0;
			files = (
			);
			runOnlyForDeploymentPostprocessing = 1;
		};
/* End PBXCopyFilesBuildPhase section */

/* Begin PBXFileReference section */
		0C2FED6422819C67007116D4 /* Data-Structure */ = {isa = PBXFileReference; explicitFileType = "compiled.mach-o.executable"; includeInIndex = 0; path = "Data-Structure"; sourceTree = BUILT_PRODUCTS_DIR; };
		0C2FED6722819C67007116D4 /* Scanf.c */ = {isa = PBXFileReference; lastKnownFileType = sourcecode.c.c; path = Scanf.c; sourceTree = "<group>"; };
		0C2FED6E22819D6A007116D4 /* Status.h */ = {isa = PBXFileReference; lastKnownFileType = sourcecode.c.h; path = Status.h; sourceTree = "<group>"; };
		0C2FED732281A11E007116D4 /* A02线性表 */ = {isa = PBXFileReference; explicitFileType = "compiled.mach-o.executable"; includeInIndex = 0; path = "A02线性表"; sourceTree = BUILT_PRODUCTS_DIR; };
		0C2FED752281A11E007116D4 /* main.c */ = {isa = PBXFileReference; lastKnownFileType = sourcecode.c.c; path = main.c; sourceTree = "<group>"; };
		0C2FED7E2281A2E0007116D4 /* A02_1_SequenceList */ = {isa = PBXFileReference; explicitFileType = "compiled.mach-o.executable"; includeInIndex = 0; path = A02_1_SequenceList; sourceTree = BUILT_PRODUCTS_DIR; };
		0C2FED802281A2E0007116D4 /* SequenceList_main.c */ = {isa = PBXFileReference; lastKnownFileType = sourcecode.c.c; path = SequenceList_main.c; sourceTree = "<group>"; };
		0C2FED852281A373007116D4 /* SequenceList.h */ = {isa = PBXFileReference; lastKnownFileType = sourcecode.c.h; path = SequenceList.h; sourceTree = "<group>"; };
		0C2FED862281AEAE007116D4 /* SequenceList.c */ = {isa = PBXFileReference; lastKnownFileType = sourcecode.c.c; path = SequenceList.c; sourceTree = "<group>"; };
		0CF090E222E492C000F28891 /* A02_2_Union */ = {isa = PBXFileReference; explicitFileType = "compiled.mach-o.executable"; includeInIndex = 0; path = A02_2_Union; sourceTree = BUILT_PRODUCTS_DIR; };
		0CF090E422E492C000F28891 /* Union_main.c */ = {isa = PBXFileReference; lastKnownFileType = sourcecode.c.c; path = Union_main.c; sourceTree = "<group>"; };
		0CF090E922E492FF00F28891 /* Union.h */ = {isa = PBXFileReference; lastKnownFileType = sourcecode.c.h; path = Union.h; sourceTree = "<group>"; };
		0CF090EA22E493AF00F28891 /* Union.c */ = {isa = PBXFileReference; lastKnownFileType = sourcecode.c.c; path = Union.c; sourceTree = "<group>"; };
/* End PBXFileReference section */

/* Begin PBXFrameworksBuildPhase section */
		0C2FED6122819C67007116D4 /* Frameworks */ = {
			isa = PBXFrameworksBuildPhase;
			buildActionMask = 2147483647;
			files = (
			);
			runOnlyForDeploymentPostprocessing = 0;
		};
		0C2FED702281A11E007116D4 /* Frameworks */ = {
			isa = PBXFrameworksBuildPhase;
			buildActionMask = 2147483647;
			files = (
			);
			runOnlyForDeploymentPostprocessing = 0;
		};
		0C2FED7B2281A2E0007116D4 /* Frameworks */ = {
			isa = PBXFrameworksBuildPhase;
			buildActionMask = 2147483647;
			files = (
			);
			runOnlyForDeploymentPostprocessing = 0;
		};
		0CF090DF22E492C000F28891 /* Frameworks */ = {
			isa = PBXFrameworksBuildPhase;
			buildActionMask = 2147483647;
			files = (
			);
			runOnlyForDeploymentPostprocessing = 0;
		};
/* End PBXFrameworksBuildPhase section */

/* Begin PBXGroup section */
		0C2FED5B22819C67007116D4 = {
			isa = PBXGroup;
			children = (
				0C2FED6622819C67007116D4 /* A01绪论 */,
				0C2FED742281A11E007116D4 /* A02线性表 */,
				0C2FED6522819C67007116D4 /* Products */,
			);
			sourceTree = "<group>";
		};
		0C2FED6522819C67007116D4 /* Products */ = {
			isa = PBXGroup;
			children = (
				0C2FED6422819C67007116D4 /* Data-Structure */,
				0C2FED732281A11E007116D4 /* A02线性表 */,
				0C2FED7E2281A2E0007116D4 /* A02_1_SequenceList */,
				0CF090E222E492C000F28891 /* A02_2_Union */,
			);
			name = Products;
			sourceTree = "<group>";
		};
		0C2FED6622819C67007116D4 /* A01绪论 */ = {
			isa = PBXGroup;
			children = (
				0C2FED6722819C67007116D4 /* Scanf.c */,
				0C2FED6E22819D6A007116D4 /* Status.h */,
			);
			path = "A01绪论";
			sourceTree = "<group>";
		};
		0C2FED742281A11E007116D4 /* A02线性表 */ = {
			isa = PBXGroup;
			children = (
				0CF090E322E492C000F28891 /* A02_2_Union */,
				0C2FED7F2281A2E0007116D4 /* A02_1_SequenceList */,
				0C2FED752281A11E007116D4 /* main.c */,
			);
			path = "A02线性表";
			sourceTree = "<group>";
		};
		0C2FED7F2281A2E0007116D4 /* A02_1_SequenceList */ = {
			isa = PBXGroup;
			children = (
				0C2FED802281A2E0007116D4 /* SequenceList_main.c */,
				0C2FED852281A373007116D4 /* SequenceList.h */,
				0C2FED862281AEAE007116D4 /* SequenceList.c */,
			);
			path = A02_1_SequenceList;
			sourceTree = "<group>";
		};
		0CF090E322E492C000F28891 /* A02_2_Union */ = {
			isa = PBXGroup;
			children = (
				0CF090E422E492C000F28891 /* Union_main.c */,
				0CF090E922E492FF00F28891 /* Union.h */,
				0CF090EA22E493AF00F28891 /* Union.c */,
			);
			path = A02_2_Union;
			sourceTree = "<group>";
		};
/* End PBXGroup section */

/* Begin PBXNativeTarget section */
		0C2FED6322819C67007116D4 /* Data-Structure */ = {
			isa = PBXNativeTarget;
			buildConfigurationList = 0C2FED6B22819C67007116D4 /* Build configuration list for PBXNativeTarget "Data-Structure" */;
			buildPhases = (
				0C2FED6022819C67007116D4 /* Sources */,
				0C2FED6122819C67007116D4 /* Frameworks */,
				0C2FED6222819C67007116D4 /* CopyFiles */,
			);
			buildRules = (
			);
			dependencies = (
			);
			name = "Data-Structure";
			productName = "Data-Structure";
			productReference = 0C2FED6422819C67007116D4 /* Data-Structure */;
			productType = "com.apple.product-type.tool";
		};
		0C2FED722281A11E007116D4 /* A02线性表 */ = {
			isa = PBXNativeTarget;
			buildConfigurationList = 0C2FED772281A11E007116D4 /* Build configuration list for PBXNativeTarget "A02线性表" */;
			buildPhases = (
				0C2FED6F2281A11E007116D4 /* Sources */,
				0C2FED702281A11E007116D4 /* Frameworks */,
				0C2FED712281A11E007116D4 /* CopyFiles */,
			);
			buildRules = (
			);
			dependencies = (
			);
			name = "A02线性表";
			productName = "A02线性表";
			productReference = 0C2FED732281A11E007116D4 /* A02线性表 */;
			productType = "com.apple.product-type.tool";
		};
		0C2FED7D2281A2E0007116D4 /* A02_1_SequenceList */ = {
			isa = PBXNativeTarget;
			buildConfigurationList = 0C2FED822281A2E1007116D4 /* Build configuration list for PBXNativeTarget "A02_1_SequenceList" */;
			buildPhases = (
				0C2FED7A2281A2E0007116D4 /* Sources */,
				0C2FED7B2281A2E0007116D4 /* Frameworks */,
				0C2FED7C2281A2E0007116D4 /* CopyFiles */,
			);
			buildRules = (
			);
			dependencies = (
			);
			name = A02_1_SequenceList;
			productName = A02_1_SequenceList;
			productReference = 0C2FED7E2281A2E0007116D4 /* A02_1_SequenceList */;
			productType = "com.apple.product-type.tool";
		};
		0CF090E122E492C000F28891 /* A02_2_Union */ = {
			isa = PBXNativeTarget;
			buildConfigurationList = 0CF090E822E492C000F28891 /* Build configuration list for PBXNativeTarget "A02_2_Union" */;
			buildPhases = (
				0CF090DE22E492C000F28891 /* Sources */,
				0CF090DF22E492C000F28891 /* Frameworks */,
				0CF090E022E492C000F28891 /* CopyFiles */,
			);
			buildRules = (
			);
			dependencies = (
			);
			name = A02_2_Union;
			productName = A02_2_Union;
			productReference = 0CF090E222E492C000F28891 /* A02_2_Union */;
			productType = "com.apple.product-type.tool";
		};
/* End PBXNativeTarget section */

/* Begin PBXProject section */
		0C2FED5C22819C67007116D4 /* Project object */ = {
			isa = PBXProject;
			attributes = {
				LastUpgradeCheck = 1020;
				ORGANIZATIONNAME = qingmei2;
				TargetAttributes = {
					0C2FED6322819C67007116D4 = {
						CreatedOnToolsVersion = 10.2.1;
					};
					0C2FED722281A11E007116D4 = {
						CreatedOnToolsVersion = 10.2.1;
					};
					0C2FED7D2281A2E0007116D4 = {
						CreatedOnToolsVersion = 10.2.1;
					};
					0CF090E122E492C000F28891 = {
						CreatedOnToolsVersion = 10.2.1;
					};
				};
			};
			buildConfigurationList = 0C2FED5F22819C67007116D4 /* Build configuration list for PBXProject "Data-Structure" */;
			compatibilityVersion = "Xcode 9.3";
			developmentRegion = en;
			hasScannedForEncodings = 0;
			knownRegions = (
				en,
			);
			mainGroup = 0C2FED5B22819C67007116D4;
			productRefGroup = 0C2FED6522819C67007116D4 /* Products */;
			projectDirPath = "";
			projectRoot = "";
			targets = (
				0C2FED6322819C67007116D4 /* Data-Structure */,
				0C2FED722281A11E007116D4 /* A02线性表 */,
				0C2FED7D2281A2E0007116D4 /* A02_1_SequenceList */,
				0CF090E122E492C000F28891 /* A02_2_Union */,
			);
		};
/* End PBXProject section */

/* Begin PBXSourcesBuildPhase section */
		0C2FED6022819C67007116D4 /* Sources */ = {
			isa = PBXSourcesBuildPhase;
			buildActionMask = 2147483647;
			files = (
				0C2FED6822819C67007116D4 /* Scanf.c in Sources */,
			);
			runOnlyForDeploymentPostprocessing = 0;
		};
		0C2FED6F2281A11E007116D4 /* Sources */ = {
			isa = PBXSourcesBuildPhase;
			buildActionMask = 2147483647;
			files = (
				0C2FED762281A11E007116D4 /* main.c in Sources */,
			);
			runOnlyForDeploymentPostprocessing = 0;
		};
		0C2FED7A2281A2E0007116D4 /* Sources */ = {
			isa = PBXSourcesBuildPhase;
			buildActionMask = 2147483647;
			files = (
				0C2FED872281AEAE007116D4 /* SequenceList.c in Sources */,
				0C2FED812281A2E0007116D4 /* SequenceList_main.c in Sources */,
			);
			runOnlyForDeploymentPostprocessing = 0;
		};
		0CF090DE22E492C000F28891 /* Sources */ = {
			isa = PBXSourcesBuildPhase;
			buildActionMask = 2147483647;
			files = (
				0CF090E522E492C000F28891 /* Union_main.c in Sources */,
				0CF090EB22E493AF00F28891 /* Union.c in Sources */,
			);
			runOnlyForDeploymentPostprocessing = 0;
		};
/* End PBXSourcesBuildPhase section */

/* Begin XCBuildConfiguration section */
		0C2FED6922819C67007116D4 /* Debug */ = {
			isa = XCBuildConfiguration;
			buildSettings = {
				ALWAYS_SEARCH_USER_PATHS = NO;
				CLANG_ANALYZER_NONNULL = YES;
				CLANG_ANALYZER_NUMBER_OBJECT_CONVERSION = YES_AGGRESSIVE;
				CLANG_CXX_LANGUAGE_STANDARD = "gnu++14";
				CLANG_CXX_LIBRARY = "libc++";
				CLANG_ENABLE_MODULES = YES;
				CLANG_ENABLE_OBJC_ARC = YES;
				CLANG_ENABLE_OBJC_WEAK = YES;
				CLANG_WARN_BLOCK_CAPTURE_AUTORELEASING = YES;
				CLANG_WARN_BOOL_CONVERSION = YES;
				CLANG_WARN_COMMA = YES;
				CLANG_WARN_CONSTANT_CONVERSION = YES;
				CLANG_WARN_DEPRECATED_OBJC_IMPLEMENTATIONS = YES;
				CLANG_WARN_DIRECT_OBJC_ISA_USAGE = YES_ERROR;
				CLANG_WARN_DOCUMENTATION_COMMENTS = YES;
				CLANG_WARN_EMPTY_BODY = YES;
				CLANG_WARN_ENUM_CONVERSION = YES;
				CLANG_WARN_INFINITE_RECURSION = YES;
				CLANG_WARN_INT_CONVERSION = YES;
				CLANG_WARN_NON_LITERAL_NULL_CONVERSION = YES;
				CLANG_WARN_OBJC_IMPLICIT_RETAIN_SELF = YES;
				CLANG_WARN_OBJC_LITERAL_CONVERSION = YES;
				CLANG_WARN_OBJC_ROOT_CLASS = YES_ERROR;
				CLANG_WARN_RANGE_LOOP_ANALYSIS = YES;
				CLANG_WARN_STRICT_PROTOTYPES = YES;
				CLANG_WARN_SUSPICIOUS_MOVE = YES;
				CLANG_WARN_UNGUARDED_AVAILABILITY = YES_AGGRESSIVE;
				CLANG_WARN_UNREACHABLE_CODE = YES;
				CLANG_WARN__DUPLICATE_METHOD_MATCH = YES;
				CODE_SIGN_IDENTITY = "-";
				COPY_PHASE_STRIP = NO;
				DEBUG_INFORMATION_FORMAT = dwarf;
				ENABLE_STRICT_OBJC_MSGSEND = YES;
				ENABLE_TESTABILITY = YES;
				GCC_C_LANGUAGE_STANDARD = gnu11;
				GCC_DYNAMIC_NO_PIC = NO;
				GCC_ENABLE_CPP_EXCEPTIONS = NO;
				GCC_ENABLE_CPP_RTTI = NO;
				GCC_NO_COMMON_BLOCKS = YES;
				GCC_OPTIMIZATION_LEVEL = 0;
				GCC_PREPROCESSOR_DEFINITIONS = (
					"DEBUG=1",
					"$(inherited)",
				);
				GCC_WARN_64_TO_32_BIT_CONVERSION = YES;
				GCC_WARN_ABOUT_RETURN_TYPE = YES_ERROR;
				GCC_WARN_UNDECLARED_SELECTOR = YES;
				GCC_WARN_UNINITIALIZED_AUTOS = YES_AGGRESSIVE;
				GCC_WARN_UNUSED_FUNCTION = YES;
				GCC_WARN_UNUSED_VARIABLE = YES;
				MACOSX_DEPLOYMENT_TARGET = 10.14;
				MTL_ENABLE_DEBUG_INFO = INCLUDE_SOURCE;
				MTL_FAST_MATH = YES;
				ONLY_ACTIVE_ARCH = YES;
				SDKROOT = macosx;
			};
			name = Debug;
		};
		0C2FED6A22819C67007116D4 /* Release */ = {
			isa = XCBuildConfiguration;
			buildSettings = {
				ALWAYS_SEARCH_USER_PATHS = NO;
				CLANG_ANALYZER_NONNULL = YES;
				CLANG_ANALYZER_NUMBER_OBJECT_CONVERSION = YES_AGGRESSIVE;
				CLANG_CXX_LANGUAGE_STANDARD = "gnu++14";
				CLANG_CXX_LIBRARY = "libc++";
				CLANG_ENABLE_MODULES = YES;
				CLANG_ENABLE_OBJC_ARC = YES;
				CLANG_ENABLE_OBJC_WEAK = YES;
				CLANG_WARN_BLOCK_CAPTURE_AUTORELEASING = YES;
				CLANG_WARN_BOOL_CONVERSION = YES;
				CLANG_WARN_COMMA = YES;
				CLANG_WARN_CONSTANT_CONVERSION = YES;
				CLANG_WARN_DEPRECATED_OBJC_IMPLEMENTATIONS = YES;
				CLANG_WARN_DIRECT_OBJC_ISA_USAGE = YES_ERROR;
				CLANG_WARN_DOCUMENTATION_COMMENTS = YES;
				CLANG_WARN_EMPTY_BODY = YES;
				CLANG_WARN_ENUM_CONVERSION = YES;
				CLANG_WARN_INFINITE_RECURSION = YES;
				CLANG_WARN_INT_CONVERSION = YES;
				CLANG_WARN_NON_LITERAL_NULL_CONVERSION = YES;
				CLANG_WARN_OBJC_IMPLICIT_RETAIN_SELF = YES;
				CLANG_WARN_OBJC_LITERAL_CONVERSION = YES;
				CLANG_WARN_OBJC_ROOT_CLASS = YES_ERROR;
				CLANG_WARN_RANGE_LOOP_ANALYSIS = YES;
				CLANG_WARN_STRICT_PROTOTYPES = YES;
				CLANG_WARN_SUSPICIOUS_MOVE = YES;
				CLANG_WARN_UNGUARDED_AVAILABILITY = YES_AGGRESSIVE;
				CLANG_WARN_UNREACHABLE_CODE = YES;
				CLANG_WARN__DUPLICATE_METHOD_MATCH = YES;
				CODE_SIGN_IDENTITY = "-";
				COPY_PHASE_STRIP = NO;
				DEBUG_INFORMATION_FORMAT = "dwarf-with-dsym";
				ENABLE_NS_ASSERTIONS = NO;
				ENABLE_STRICT_OBJC_MSGSEND = YES;
				GCC_C_LANGUAGE_STANDARD = gnu11;
				GCC_ENABLE_CPP_EXCEPTIONS = NO;
				GCC_ENABLE_CPP_RTTI = NO;
				GCC_NO_COMMON_BLOCKS = YES;
				GCC_WARN_64_TO_32_BIT_CONVERSION = YES;
				GCC_WARN_ABOUT_RETURN_TYPE = YES_ERROR;
				GCC_WARN_UNDECLARED_SELECTOR = YES;
				GCC_WARN_UNINITIALIZED_AUTOS = YES_AGGRESSIVE;
				GCC_WARN_UNUSED_FUNCTION = YES;
				GCC_WARN_UNUSED_VARIABLE = YES;
				MACOSX_DEPLOYMENT_TARGET = 10.14;
				MTL_ENABLE_DEBUG_INFO = NO;
				MTL_FAST_MATH = YES;
				SDKROOT = macosx;
			};
			name = Release;
		};
		0C2FED6C22819C67007116D4 /* Debug */ = {
			isa = XCBuildConfiguration;
			buildSettings = {
				CODE_SIGN_STYLE = Automatic;
				PRODUCT_NAME = "$(TARGET_NAME)";
			};
			name = Debug;
		};
		0C2FED6D22819C67007116D4 /* Release */ = {
			isa = XCBuildConfiguration;
			buildSettings = {
				CODE_SIGN_STYLE = Automatic;
				PRODUCT_NAME = "$(TARGET_NAME)";
			};
			name = Release;
		};
		0C2FED782281A11E007116D4 /* Debug */ = {
			isa = XCBuildConfiguration;
			buildSettings = {
				CODE_SIGN_STYLE = Automatic;
				PRODUCT_NAME = "$(TARGET_NAME)";
			};
			name = Debug;
		};
		0C2FED792281A11E007116D4 /* Release */ = {
			isa = XCBuildConfiguration;
			buildSettings = {
				CODE_SIGN_STYLE = Automatic;
				PRODUCT_NAME = "$(TARGET_NAME)";
			};
			name = Release;
		};
		0C2FED832281A2E1007116D4 /* Debug */ = {
			isa = XCBuildConfiguration;
			buildSettings = {
				CODE_SIGN_STYLE = Automatic;
				PRODUCT_NAME = "$(TARGET_NAME)";
			};
			name = Debug;
		};
		0C2FED842281A2E1007116D4 /* Release */ = {
			isa = XCBuildConfiguration;
			buildSettings = {
				CODE_SIGN_STYLE = Automatic;
				PRODUCT_NAME = "$(TARGET_NAME)";
			};
			name = Release;
		};
		0CF090E622E492C000F28891 /* Debug */ = {
			isa = XCBuildConfiguration;
			buildSettings = {
				CODE_SIGN_STYLE = Automatic;
				PRODUCT_NAME = "$(TARGET_NAME)";
			};
			name = Debug;
		};
		0CF090E722E492C000F28891 /* Release */ = {
			isa = XCBuildConfiguration;
			buildSettings = {
				CODE_SIGN_STYLE = Automatic;
				PRODUCT_NAME = "$(TARGET_NAME)";
			};
			name = Release;
		};
/* End XCBuildConfiguration section */

/* Begin XCConfigurationList section */
		0C2FED5F22819C67007116D4 /* Build configuration list for PBXProject "Data-Structure" */ = {
			isa = XCConfigurationList;
			buildConfigurations = (
				0C2FED6922819C67007116D4 /* Debug */,
				0C2FED6A22819C67007116D4 /* Release */,
			);
			defaultConfigurationIsVisible = 0;
			defaultConfigurationName = Release;
		};
		0C2FED6B22819C67007116D4 /* Build configuration list for PBXNativeTarget "Data-Structure" */ = {
			isa = XCConfigurationList;
			buildConfigurations = (
				0C2FED6C22819C67007116D4 /* Debug */,
				0C2FED6D22819C67007116D4 /* Release */,
			);
			defaultConfigurationIsVisible = 0;
			defaultConfigurationName = Release;
		};
		0C2FED772281A11E007116D4 /* Build configuration list for PBXNativeTarget "A02线性表" */ = {
			isa = XCConfigurationList;
			buildConfigurations = (
				0C2FED782281A11E007116D4 /* Debug */,
				0C2FED792281A11E007116D4 /* Release */,
			);
			defaultConfigurationIsVisible = 0;
			defaultConfigurationName = Release;
		};
		0C2FED822281A2E1007116D4 /* Build configuration list for PBXNativeTarget "A02_1_SequenceList" */ = {
			isa = XCConfigurationList;
			buildConfigurations = (
				0C2FED832281A2E1007116D4 /* Debug */,
				0C2FED842281A2E1007116D4 /* Release */,
			);
			defaultConfigurationIsVisible = 0;
			defaultConfigurationName = Release;
		};
		0CF090E822E492C000F28891 /* Build configuration list for PBXNativeTarget "A02_2_Union" */ = {
			isa = XCConfigurationList;
			buildConfigurations = (
				0CF090E622E492C000F28891 /* Debug */,
				0CF090E722E492C000F28891 /* Release */,
			);
			defaultConfigurationIsVisible = 0;
			defaultConfigurationName = Release;
		};
/* End XCConfigurationList section */
	};
	rootObject = 0C2FED5C22819C67007116D4 /* Project object */;
}
